
Microsoft Visual Studio Solution File, Format Version 12.00
# Visual Studio Version 16
VisualStudioVersion = 16.0.29806.167
MinimumVisualStudioVersion = 10.0.40219.1
Project("{FAE04EC0-301F-11D3-BF4B-00C04F79EFBC}") = "EFDemoApp", "EFDemoApp\EFDemoApp.csproj", "{20FF688D-3F24-4B86-9BC2-2216A723D094}"
EndProject
Project("{FAE04EC0-301F-11D3-BF4B-00C04F79EFBC}") = "EFDataAccessLibrary", "EFDataAccessLibrary\EFDataAccessLibrary.csproj", "{85D6A593-C502-4203-82E6-DAF457AA187F}"
EndProject
Global
	GlobalSection(SolutionConfigurationPlatforms) = preSolution
		Debug|Any CPU = Debug|Any CPU
		Release|Any CPU = Release|Any CPU
	EndGlobalSection
	GlobalSection(ProjectConfigurationPlatforms) = postSolution
		{20FF688D-3F24-4B86-9BC2-2216A723D094}.Debug|Any CPU.ActiveCfg = Debug|Any CPU
		{20FF688D-3F24-4B86-9BC2-2216A723D094}.Debug|Any CPU.Build.0 = Debug|Any CPU
		{20FF688D-3F24-4B86-9BC2-2216A723D094}.Release|Any CPU.ActiveCfg = Release|Any CPU
		{20FF688D-3F24-4B86-9BC2-2216A723D094}.Release|Any CPU.Build.0 = Release|Any CPU
		{85D6A593-C502-4203-82E6-DAF457AA187F}.Debug|Any CPU.ActiveCfg = Debug|Any CPU
		{85D6A593-C502-4203-82E6-DAF457AA187F}.Debug|Any CPU.Build.0 = Debug|Any CPU
		{85D6A593-C502-4203-82E6-DAF457AA187F}.Release|Any CPU.ActiveCfg = Release|Any CPU
		{85D6A593-C502-4203-82E6-DAF457AA187F}.Release|Any CPU.Build.0 = Release|Any CPU
	EndGlobalSection
	GlobalSection(SolutionProperties) = preSolution
		HideSolutionNode = FALSE
	EndGlobalSection
	GlobalSection(ExtensibilityGlobals) = postSolution
		SolutionGuid = {89AC8FEB-8131-40C4-A0E6-5B574AE7C899}
	EndGlobalSection
EndGlobal
